{
  "name": "@nitisakc/node-red-oracledb",
  "version": "1.2.0",
  "lockfileVersion": 3,
  "requires": true,
  "packages": {
    "": {
      "name": "@nitisakc/node-red-oracledb",
      "version": "1.2.0",
      "license": "ISC",
      "dependencies": {
        "lodash": "^4.17.21",
        "object-resolve-path": "^1.1.1",
        "oracledb": "^5.5.0"
      }
    },
    "node_modules/lodash": {
      "version": "4.17.21",
      "resolved": "https://registry.npmjs.org/lodash/-/lodash-4.17.21.tgz",
      "integrity": "sha512-v2kDEe57lecTulaDIuNTPy3Ry4gLGJ6Z1O3vE1krgXZNrsQ+LFTGHVxVjcXPs17LhbZVGedAJv8XZ1tvj5FvSg=="
    },
    "node_modules/object-resolve-path": {
      "version": "1.1.1",
      "resolved": "https://registry.npmjs.org/object-resolve-path/-/object-resolve-path-1.1.1.tgz",
      "integrity": "sha512-SnDr0lPbDWDB8s6qbWAcDs2dZ4G7niCJpxihaf5g6wluZQd3yHtN4ApwoKz7pLdMnRlGrdXslO57MulC+h3Neg=="
    },
    "node_modules/oracledb": {
      "version": "5.5.0",
      "resolved": "https://registry.npmjs.org/oracledb/-/oracledb-5.5.0.tgz",
      "integrity": "sha512-i5cPvMENpZP8nnqptB6l0pjiOyySj1IISkbM4Hr3yZEDdANo2eezarwZb9NQ8fTh5pRjmgpZdSyIbnn9N3AENw==",
      "hasInstallScript": true,
      "engines": {
        "node": ">=10.16"
      }
    }
  }
}
